// !$*UTF8*$!
{
	archiveVersion = 1;
	classes = {
	};
	objectVersion = 56;
	objects = {

/* Begin PBXBuildFile section */
		C42A0E042B65388C00823FD8 /* HaneenBeheryApp.swift in Sources */ = {isa = PBXBuildFile; fileRef = C42A0E032B65388C00823FD8 /* HaneenBeheryApp.swift */; };
		C42A0E062B65388C00823FD8 /* ContentView.swift in Sources */ = {isa = PBXBuildFile; fileRef = C42A0E052B65388C00823FD8 /* ContentView.swift */; };
		C42A0E082B65388E00823FD8 /* Assets.xcassets in Resources */ = {isa = PBXBuildFile; fileRef = C42A0E072B65388E00823FD8 /* Assets.xcassets */; };
		C42A0E0B2B65388E00823FD8 /* Preview Assets.xcassets in Resources */ = {isa = PBXBuildFile; fileRef = C42A0E0A2B65388E00823FD8 /* Preview Assets.xcassets */; };
		C42A0E152B65388E00823FD8 /* HaneenBeheryTests.swift in Sources */ = {isa = PBXBuildFile; fileRef = C42A0E142B65388E00823FD8 /* HaneenBeheryTests.swift */; };
		C42A0E1F2B65388E00823FD8 /* HaneenBeheryUITests.swift in Sources */ = {isa = PBXBuildFile; fileRef = C42A0E1E2B65388E00823FD8 /* HaneenBeheryUITests.swift */; };
		C42A0E212B65388E00823FD8 /* HaneenBeheryUITestsLaunchTests.swift in Sources */ = {isa = PBXBuildFile; fileRef = C42A0E202B65388E00823FD8 /* HaneenBeheryUITestsLaunchTests.swift */; };
/* End PBXBuildFile section */

/* Begin PBXContainerItemProxy section */
		C42A0E112B65388E00823FD8 /* PBXContainerItemProxy */ = {
			isa = PBXContainerItemProxy;
			containerPortal = C42A0DF82B65388C00823FD8 /* Project object */;
			proxyType = 1;
			remoteGlobalIDString = C42A0DFF2B65388C00823FD8;
			remoteInfo = HaneenBehery;
		};
		C42A0E1B2B65388E00823FD8 /* PBXContainerItemProxy */ = {
			isa = PBXContainerItemProxy;
			containerPortal = C42A0DF82B65388C00823FD8 /* Project object */;
			proxyType = 1;
			remoteGlobalIDString = C42A0DFF2B65388C00823FD8;
			remoteInfo = HaneenBehery;
		};
/* End PBXContainerItemProxy section */

/* Begin PBXFileReference section */
		C42A0E002B65388C00823FD8 /* HaneenBehery.app */ = {isa = PBXFileReference; explicitFileType = wrapper.application; includeInIndex = 0; path = HaneenBehery.app; sourceTree = BUILT_PRODUCTS_DIR; };
		C42A0E032B65388C00823FD8 /* HaneenBeheryApp.swift */ = {isa = PBXFileReference; lastKnownFileType = sourcecode.swift; path = HaneenBeheryApp.swift; sourceTree = "<group>"; };
		C42A0E052B65388C00823FD8 /* ContentView.swift */ = {isa = PBXFileReference; lastKnownFileType = sourcecode.swift; path = ContentView.swift; sourceTree = "<group>"; };
		C42A0E072B65388E00823FD8 /* Assets.xcassets */ = {isa = PBXFileReference; lastKnownFileType = folder.assetcatalog; path = Assets.xcassets; sourceTree = "<group>"; };
		C42A0E0A2B65388E00823FD8 /* Preview Assets.xcassets */ = {isa = PBXFileReference; lastKnownFileType = folder.assetcatalog; path = "Preview Assets.xcassets"; sourceTree = "<group>"; };
		C42A0E102B65388E00823FD8 /* HaneenBeheryTests.xctest */ = {isa = PBXFileReference; explicitFileType = wrapper.cfbundle; includeInIndex = 0; path = HaneenBeheryTests.xctest; sourceTree = BUILT_PRODUCTS_DIR; };
		C42A0E142B65388E00823FD8 /* HaneenBeheryTests.swift */ = {isa = PBXFileReference; lastKnownFileType = sourcecode.swift; path = HaneenBeheryTests.swift; sourceTree = "<group>"; };
		C42A0E1A2B65388E00823FD8 /* HaneenBeheryUITests.xctest */ = {isa = PBXFileReference; explicitFileType = wrapper.cfbundle; includeInIndex = 0; path = HaneenBeheryUITests.xctest; sourceTree = BUILT_PRODUCTS_DIR; };
		C42A0E1E2B65388E00823FD8 /* HaneenBeheryUITests.swift */ = {isa = PBXFileReference; lastKnownFileType = sourcecode.swift; path = HaneenBeheryUITests.swift; sourceTree = "<group>"; };
		C42A0E202B65388E00823FD8 /* HaneenBeheryUITestsLaunchTests.swift */ = {isa = PBXFileReference; lastKnownFileType = sourcecode.swift; path = HaneenBeheryUITestsLaunchTests.swift; sourceTree = "<group>"; };
/* End PBXFileReference section */

/* Begin PBXFrameworksBuildPhase section */
		C42A0DFD2B65388C00823FD8 /* Frameworks */ = {
			isa = PBXFrameworksBuildPhase;
			buildActionMask = 2147483647;
			files = (
			);
			runOnlyForDeploymentPostprocessing = 0;
		};
		C42A0E0D2B65388E00823FD8 /* Frameworks */ = {
			isa = PBXFrameworksBuildPhase;
			buildActionMask = 2147483647;
			files = (
			);
			runOnlyForDeploymentPostprocessing = 0;
		};
		C42A0E172B65388E00823FD8 /* Frameworks */ = {
			isa = PBXFrameworksBuildPhase;
			buildActionMask = 2147483647;
			files = (
			);
			runOnlyForDeploymentPostprocessing = 0;
		};
/* End PBXFrameworksBuildPhase section */

/* Begin PBXGroup section */
		C42A0DF72B65388C00823FD8 = {
			isa = PBXGroup;
			children = (
				C42A0E022B65388C00823FD8 /* HaneenBehery */,
				C42A0E132B65388E00823FD8 /* HaneenBeheryTests */,
				C42A0E1D2B65388E00823FD8 /* HaneenBeheryUITests */,
				C42A0E012B65388C00823FD8 /* Products */,
			);
			sourceTree = "<group>";
		};
		C42A0E012B65388C00823FD8 /* Products */ = {
			isa = PBXGroup;
			children = (
				C42A0E002B65388C00823FD8 /* HaneenBehery.app */,
				C42A0E102B65388E00823FD8 /* HaneenBeheryTests.xctest */,
				C42A0E1A2B65388E00823FD8 /* HaneenBeheryUITests.xctest */,
			);
			name = Products;
			sourceTree = "<group>";
		};
		C42A0E022B65388C00823FD8 /* HaneenBehery */ = {
			isa = PBXGroup;
			children = (
				C42A0E032B65388C00823FD8 /* HaneenBeheryApp.swift */,
				C42A0E052B65388C00823FD8 /* ContentView.swift */,
				C42A0E072B65388E00823FD8 /* Assets.xcassets */,
				C42A0E092B65388E00823FD8 /* Preview Content */,
			);
			path = HaneenBehery;
			sourceTree = "<group>";
		};
		C42A0E092B65388E00823FD8 /* Preview Content */ = {
			isa = PBXGroup;
			children = (
				C42A0E0A2B65388E00823FD8 /* Preview Assets.xcassets */,
			);
			path = "Preview Content";
			sourceTree = "<group>";
		};
		C42A0E132B65388E00823FD8 /* HaneenBeheryTests */ = {
			isa = PBXGroup;
			children = (
				C42A0E142B65388E00823FD8 /* HaneenBeheryTests.swift */,
			);
			path = HaneenBeheryTests;
			sourceTree = "<group>";
		};
		C42A0E1D2B65388E00823FD8 /* HaneenBeheryUITests */ = {
			isa = PBXGroup;
			children = (
				C42A0E1E2B65388E00823FD8 /* HaneenBeheryUITests.swift */,
				C42A0E202B65388E00823FD8 /* HaneenBeheryUITestsLaunchTests.swift */,
			);
			path = HaneenBeheryUITests;
			sourceTree = "<group>";
		};
/* End PBXGroup section */

/* Begin PBXNativeTarget section */
		C42A0DFF2B65388C00823FD8 /* HaneenBehery */ = {
			isa = PBXNativeTarget;
			buildConfigurationList = C42A0E242B65388E00823FD8 /* Build configuration list for PBXNativeTarget "HaneenBehery" */;
			buildPhases = (
				C42A0DFC2B65388C00823FD8 /* Sources */,
				C42A0DFD2B65388C00823FD8 /* Frameworks */,
				C42A0DFE2B65388C00823FD8 /* Resources */,
			);
			buildRules = (
			);
			dependencies = (
			);
			name = HaneenBehery;
			productName = HaneenBehery;
			productReference = C42A0E002B65388C00823FD8 /* HaneenBehery.app */;
			productType = "com.apple.product-type.application";
		};
		C42A0E0F2B65388E00823FD8 /* HaneenBeheryTests */ = {
			isa = PBXNativeTarget;
			buildConfigurationList = C42A0E272B65388E00823FD8 /* Build configuration list for PBXNativeTarget "HaneenBeheryTests" */;
			buildPhases = (
				C42A0E0C2B65388E00823FD8 /* Sources */,
				C42A0E0D2B65388E00823FD8 /* Frameworks */,
				C42A0E0E2B65388E00823FD8 /* Resources */,
			);
			buildRules = (
			);
			dependencies = (
				C42A0E122B65388E00823FD8 /* PBXTargetDependency */,
			);
			name = HaneenBeheryTests;
			productName = HaneenBeheryTests;
			productReference = C42A0E102B65388E00823FD8 /* HaneenBeheryTests.xctest */;
			productType = "com.apple.product-type.bundle.unit-test";
		};
		C42A0E192B65388E00823FD8 /* HaneenBeheryUITests */ = {
			isa = PBXNativeTarget;
			buildConfigurationList = C42A0E2A2B65388E00823FD8 /* Build configuration list for PBXNativeTarget "HaneenBeheryUITests" */;
			buildPhases = (
				C42A0E162B65388E00823FD8 /* Sources */,
				C42A0E172B65388E00823FD8 /* Frameworks */,
				C42A0E182B65388E00823FD8 /* Resources */,
			);
			buildRules = (
			);
			dependencies = (
				C42A0E1C2B65388E00823FD8 /* PBXTargetDependency */,
			);
			name = HaneenBeheryUITests;
			productName = HaneenBeheryUITests;
			productReference = C42A0E1A2B65388E00823FD8 /* HaneenBeheryUITests.xctest */;
			productType = "com.apple.product-type.bundle.ui-testing";
		};
/* End PBXNativeTarget section */

/* Begin PBXProject section */
		C42A0DF82B65388C00823FD8 /* Project object */ = {
			isa = PBXProject;
			attributes = {
				BuildIndependentTargetsInParallel = 1;
				LastSwiftUpdateCheck = 1500;
				LastUpgradeCheck = 1500;
				TargetAttributes = {
					C42A0DFF2B65388C00823FD8 = {
						CreatedOnToolsVersion = 15.0.1;
					};
					C42A0E0F2B65388E00823FD8 = {
						CreatedOnToolsVersion = 15.0.1;
						TestTargetID = C42A0DFF2B65388C00823FD8;
					};
					C42A0E192B65388E00823FD8 = {
						CreatedOnToolsVersion = 15.0.1;
						TestTargetID = C42A0DFF2B65388C00823FD8;
					};
				};
			};
			buildConfigurationList = C42A0DFB2B65388C00823FD8 /* Build configuration list for PBXProject "HaneenBehery" */;
			compatibilityVersion = "Xcode 14.0";
			developmentRegion = en;
			hasScannedForEncodings = 0;
			knownRegions = (
				en,
				Base,
			);
			mainGroup = C42A0DF72B65388C00823FD8;
			productRefGroup = C42A0E012B65388C00823FD8 /* Products */;
			projectDirPath = "";
			projectRoot = "";
			targets = (
				C42A0DFF2B65388C00823FD8 /* HaneenBehery */,
				C42A0E0F2B65388E00823FD8 /* HaneenBeheryTests */,
				C42A0E192B65388E00823FD8 /* HaneenBeheryUITests */,
			);
		};
/* End PBXProject section */

/* Begin PBXResourcesBuildPhase section */
		C42A0DFE2B65388C00823FD8 /* Resources */ = {
			isa = PBXResourcesBuildPhase;
			buildActionMask = 2147483647;
			files = (
				C42A0E0B2B65388E00823FD8 /* Preview Assets.xcassets in Resources */,
				C42A0E082B65388E00823FD8 /* Assets.xcassets in Resources */,
			);
			runOnlyForDeploymentPostprocessing = 0;
		};
		C42A0E0E2B65388E00823FD8 /* Resources */ = {
			isa = PBXResourcesBuildPhase;
			buildActionMask = 2147483647;
			files = (
			);
			runOnlyForDeploymentPostprocessing = 0;
		};
		C42A0E182B65388E00823FD8 /* Resources */ = {
			isa = PBXResourcesBuildPhase;
			buildActionMask = 2147483647;
			files = (
			);
			runOnlyForDeploymentPostprocessing = 0;
		};
/* End PBXResourcesBuildPhase section */

/* Begin PBXSourcesBuildPhase section */
		C42A0DFC2B65388C00823FD8 /* Sources */ = {
			isa = PBXSourcesBuildPhase;
			buildActionMask = 2147483647;
			files = (
				C42A0E062B65388C00823FD8 /* ContentView.swift in Sources */,
				C42A0E042B65388C00823FD8 /* HaneenBeheryApp.swift in Sources */,
			);
			runOnlyForDeploymentPostprocessing = 0;
		};
		C42A0E0C2B65388E00823FD8 /* Sources */ = {
			isa = PBXSourcesBuildPhase;
			buildActionMask = 2147483647;
			files = (
				C42A0E152B65388E00823FD8 /* HaneenBeheryTests.swift in Sources */,
			);
			runOnlyForDeploymentPostprocessing = 0;
		};
		C42A0E162B65388E00823FD8 /* Sources */ = {
			isa = PBXSourcesBuildPhase;
			buildActionMask = 2147483647;
			files = (
				C42A0E212B65388E00823FD8 /* HaneenBeheryUITestsLaunchTests.swift in Sources */,
				C42A0E1F2B65388E00823FD8 /* HaneenBeheryUITests.swift in Sources */,
			);
			runOnlyForDeploymentPostprocessing = 0;
		};
/* End PBXSourcesBuildPhase section */

/* Begin PBXTargetDependency section */
		C42A0E122B65388E00823FD8 /* PBXTargetDependency */ = {
			isa = PBXTargetDependency;
			target = C42A0DFF2B65388C00823FD8 /* HaneenBehery */;
			targetProxy = C42A0E112B65388E00823FD8 /* PBXContainerItemProxy */;
		};
		C42A0E1C2B65388E00823FD8 /* PBXTargetDependency */ = {
			isa = PBXTargetDependency;
			target = C42A0DFF2B65388C00823FD8 /* HaneenBehery */;
			targetProxy = C42A0E1B2B65388E00823FD8 /* PBXContainerItemProxy */;
		};
/* End PBXTargetDependency section */

/* Begin XCBuildConfiguration section */
		C42A0E222B65388E00823FD8 /* Debug */ = {
			isa = XCBuildConfiguration;
			buildSettings = {
				ALWAYS_SEARCH_USER_PATHS = NO;
				ASSETCATALOG_COMPILER_GENERATE_SWIFT_ASSET_SYMBOL_EXTENSIONS = YES;
				CLANG_ANALYZER_NONNULL = YES;
				CLANG_ANALYZER_NUMBER_OBJECT_CONVERSION = YES_AGGRESSIVE;
				CLANG_CXX_LANGUAGE_STANDARD = "gnu++20";
				CLANG_ENABLE_MODULES = YES;
				CLANG_ENABLE_OBJC_ARC = YES;
				CLANG_ENABLE_OBJC_WEAK = YES;
				CLANG_WARN_BLOCK_CAPTURE_AUTORELEASING = YES;
				CLANG_WARN_BOOL_CONVERSION = YES;
				CLANG_WARN_COMMA = YES;
				CLANG_WARN_CONSTANT_CONVERSION = YES;
				CLANG_WARN_DEPRECATED_OBJC_IMPLEMENTATIONS = YES;
				CLANG_WARN_DIRECT_OBJC_ISA_USAGE = YES_ERROR;
				CLANG_WARN_DOCUMENTATION_COMMENTS = YES;
				CLANG_WARN_EMPTY_BODY = YES;
				CLANG_WARN_ENUM_CONVERSION = YES;
				CLANG_WARN_INFINITE_RECURSION = YES;
				CLANG_WARN_INT_CONVERSION = YES;
				CLANG_WARN_NON_LITERAL_NULL_CONVERSION = YES;
				CLANG_WARN_OBJC_IMPLICIT_RETAIN_SELF = YES;
				CLANG_WARN_OBJC_LITERAL_CONVERSION = YES;
				CLANG_WARN_OBJC_ROOT_CLASS = YES_ERROR;
				CLANG_WARN_QUOTED_INCLUDE_IN_FRAMEWORK_HEADER = YES;
				CLANG_WARN_RANGE_LOOP_ANALYSIS = YES;
				CLANG_WARN_STRICT_PROTOTYPES = YES;
				CLANG_WARN_SUSPICIOUS_MOVE = YES;
				CLANG_WARN_UNGUARDED_AVAILABILITY = YES_AGGRESSIVE;
				CLANG_WARN_UNREACHABLE_CODE = YES;
				CLANG_WARN__DUPLICATE_METHOD_MATCH = YES;
				COPY_PHASE_STRIP = NO;
				DEBUG_INFORMATION_FORMAT = dwarf;
				ENABLE_STRICT_OBJC_MSGSEND = YES;
				ENABLE_TESTABILITY = YES;
				ENABLE_USER_SCRIPT_SANDBOXING = YES;
				GCC_C_LANGUAGE_STANDARD = gnu17;
				GCC_DYNAMIC_NO_PIC = NO;
				GCC_NO_COMMON_BLOCKS = YES;
				GCC_OPTIMIZATION_LEVEL = 0;
				GCC_PREPROCESSOR_DEFINITIONS = (
					"DEBUG=1",
					"$(inherited)",
				);
				GCC_WARN_64_TO_32_BIT_CONVERSION = YES;
				GCC_WARN_ABOUT_RETURN_TYPE = YES_ERROR;
				GCC_WARN_UNDECLARED_SELECTOR = YES;
				GCC_WARN_UNINITIALIZED_AUTOS = YES_AGGRESSIVE;
				GCC_WARN_UNUSED_FUNCTION = YES;
				GCC_WARN_UNUSED_VARIABLE = YES;
				IPHONEOS_DEPLOYMENT_TARGET = 17.0;
				LOCALIZATION_PREFERS_STRING_CATALOGS = YES;
				MTL_ENABLE_DEBUG_INFO = INCLUDE_SOURCE;
				MTL_FAST_MATH = YES;
				ONLY_ACTIVE_ARCH = YES;
				SDKROOT = iphoneos;
				SWIFT_ACTIVE_COMPILATION_CONDITIONS = "DEBUG $(inherited)";
				SWIFT_OPTIMIZATION_LEVEL = "-Onone";
			};
			name = Debug;
		};
		C42A0E232B65388E00823FD8 /* Release */ = {
			isa = XCBuildConfiguration;
			buildSettings = {
				ALWAYS_SEARCH_USER_PATHS = NO;
				ASSETCATALOG_COMPILER_GENERATE_SWIFT_ASSET_SYMBOL_EXTENSIONS = YES;
				CLANG_ANALYZER_NONNULL = YES;
				CLANG_ANALYZER_NUMBER_OBJECT_CONVERSION = YES_AGGRESSIVE;
				CLANG_CXX_LANGUAGE_STANDARD = "gnu++20";
				CLANG_ENABLE_MODULES = YES;
				CLANG_ENABLE_OBJC_ARC = YES;
				CLANG_ENABLE_OBJC_WEAK = YES;
				CLANG_WARN_BLOCK_CAPTURE_AUTORELEASING = YES;
				CLANG_WARN_BOOL_CONVERSION = YES;
				CLANG_WARN_COMMA = YES;
				CLANG_WARN_CONSTANT_CONVERSION = YES;
				CLANG_WARN_DEPRECATED_OBJC_IMPLEMENTATIONS = YES;
				CLANG_WARN_DIRECT_OBJC_ISA_USAGE = YES_ERROR;
				CLANG_WARN_DOCUMENTATION_COMMENTS = YES;
				CLANG_WARN_EMPTY_BODY = YES;
				CLANG_WARN_ENUM_CONVERSION = YES;
				CLANG_WARN_INFINITE_RECURSION = YES;
				CLANG_WARN_INT_CONVERSION = YES;
				CLANG_WARN_NON_LITERAL_NULL_CONVERSION = YES;
				CLANG_WARN_OBJC_IMPLICIT_RETAIN_SELF = YES;
				CLANG_WARN_OBJC_LITERAL_CONVERSION = YES;
				CLANG_WARN_OBJC_ROOT_CLASS = YES_ERROR;
				CLANG_WARN_QUOTED_INCLUDE_IN_FRAMEWORK_HEADER = YES;
				CLANG_WARN_RANGE_LOOP_ANALYSIS = YES;
				CLANG_WARN_STRICT_PROTOTYPES = YES;
				CLANG_WARN_SUSPICIOUS_MOVE = YES;
				CLANG_WARN_UNGUARDED_AVAILABILITY = YES_AGGRESSIVE;
				CLANG_WARN_UNREACHABLE_CODE = YES;
				CLANG_WARN__DUPLICATE_METHOD_MATCH = YES;
				COPY_PHASE_STRIP = NO;
				DEBUG_INFORMATION_FORMAT = "dwarf-with-dsym";
				ENABLE_NS_ASSERTIONS = NO;
				ENABLE_STRICT_OBJC_MSGSEND = YES;
				ENABLE_USER_SCRIPT_SANDBOXING = YES;
				GCC_C_LANGUAGE_STANDARD = gnu17;
				GCC_NO_COMMON_BLOCKS = YES;
				GCC_WARN_64_TO_32_BIT_CONVERSION = YES;
				GCC_WARN_ABOUT_RETURN_TYPE = YES_ERROR;
				GCC_WARN_UNDECLARED_SELECTOR = YES;
				GCC_WARN_UNINITIALIZED_AUTOS = YES_AGGRESSIVE;
				GCC_WARN_UNUSED_FUNCTION = YES;
				GCC_WARN_UNUSED_VARIABLE = YES;
				IPHONEOS_DEPLOYMENT_TARGET = 17.0;
				LOCALIZATION_PREFERS_STRING_CATALOGS = YES;
				MTL_ENABLE_DEBUG_INFO = NO;
				MTL_FAST_MATH = YES;
				SDKROOT = iphoneos;
				SWIFT_COMPILATION_MODE = wholemodule;
				VALIDATE_PRODUCT = YES;
			};
			name = Release;
		};
		C42A0E252B65388E00823FD8 /* Debug */ = {
			isa = XCBuildConfiguration;
			buildSettings = {
				ASSETCATALOG_COMPILER_APPICON_NAME = AppIcon;
				ASSETCATALOG_COMPILER_GLOBAL_ACCENT_COLOR_NAME = AccentColor;
				CODE_SIGN_STYLE = Automatic;
				CURRENT_PROJECT_VERSION = 1;
				DEVELOPMENT_ASSET_PATHS = "\"HaneenBehery/Preview Content\"";
				ENABLE_PREVIEWS = YES;
				GENERATE_INFOPLIST_FILE = YES;
				INFOPLIST_KEY_UIApplicationSceneManifest_Generation = YES;
				INFOPLIST_KEY_UIApplicationSupportsIndirectInputEvents = YES;
				INFOPLIST_KEY_UILaunchScreen_Generation = YES;
				INFOPLIST_KEY_UISupportedInterfaceOrientations_iPad = "UIInterfaceOrientationPortrait UIInterfaceOrientationPortraitUpsideDown UIInterfaceOrientationLandscapeLeft UIInterfaceOrientationLandscapeRight";
				INFOPLIST_KEY_UISupportedInterfaceOrientations_iPhone = "UIInterfaceOrientationPortrait UIInterfaceOrientationLandscapeLeft UIInterfaceOrientationLandscapeRight";
				LD_RUNPATH_SEARCH_PATHS = (
					"$(inherited)",
					"@executable_path/Frameworks",
				);
				MARKETING_VERSION = 1.0;
				PRODUCT_BUNDLE_IDENTIFIER = com.twq.Haneen.HaneenBehery;
				PRODUCT_NAME = "$(TARGET_NAME)";
				SWIFT_EMIT_LOC_STRINGS = YES;
				SWIFT_VERSION = 5.0;
				TARGETED_DEVICE_FAMILY = "1,2";
			};
			name = Debug;
		};
		C42A0E262B65388E00823FD8 /* Release */ = {
			isa = XCBuildConfiguration;
			buildSettings = {
				ASSETCATALOG_COMPILER_APPICON_NAME = AppIcon;
				ASSETCATALOG_COMPILER_GLOBAL_ACCENT_COLOR_NAME = AccentColor;
				CODE_SIGN_STYLE = Automatic;
				CURRENT_PROJECT_VERSION = 1;
				DEVELOPMENT_ASSET_PATHS = "\"HaneenBehery/Preview Content\"";
				ENABLE_PREVIEWS = YES;
				GENERATE_INFOPLIST_FILE = YES;
				INFOPLIST_KEY_UIApplicationSceneManifest_Generation = YES;
				INFOPLIST_KEY_UIApplicationSupportsIndirectInputEvents = YES;
				INFOPLIST_KEY_UILaunchScreen_Generation = YES;
				INFOPLIST_KEY_UISupportedInterfaceOrientations_iPad = "UIInterfaceOrientationPortrait UIInterfaceOrientationPortraitUpsideDown UIInterfaceOrientationLandscapeLeft UIInterfaceOrientationLandscapeRight";
				INFOPLIST_KEY_UISupportedInterfaceOrientations_iPhone = "UIInterfaceOrientationPortrait UIInterfaceOrientationLandscapeLeft UIInterfaceOrientationLandscapeRight";
				LD_RUNPATH_SEARCH_PATHS = (
					"$(inherited)",
					"@executable_path/Frameworks",
				);
				MARKETING_VERSION = 1.0;
				PRODUCT_BUNDLE_IDENTIFIER = com.twq.Haneen.HaneenBehery;
				PRODUCT_NAME = "$(TARGET_NAME)";
				SWIFT_EMIT_LOC_STRINGS = YES;
				SWIFT_VERSION = 5.0;
				TARGETED_DEVICE_FAMILY = "1,2";
			};
			name = Release;
		};
		C42A0E282B65388E00823FD8 /* Debug */ = {
			isa = XCBuildConfiguration;
			buildSettings = {
				ALWAYS_EMBED_SWIFT_STANDARD_LIBRARIES = YES;
				BUNDLE_LOADER = "$(TEST_HOST)";
				CODE_SIGN_STYLE = Automatic;
				CURRENT_PROJECT_VERSION = 1;
				GENERATE_INFOPLIST_FILE = YES;
				IPHONEOS_DEPLOYMENT_TARGET = 17.0;
				MARKETING_VERSION = 1.0;
				PRODUCT_BUNDLE_IDENTIFIER = com.twq.Haneen.HaneenBeheryTests;
				PRODUCT_NAME = "$(TARGET_NAME)";
				SWIFT_EMIT_LOC_STRINGS = NO;
				SWIFT_VERSION = 5.0;
				TARGETED_DEVICE_FAMILY = "1,2";
				TEST_HOST = "$(BUILT_PRODUCTS_DIR)/HaneenBehery.app/$(BUNDLE_EXECUTABLE_FOLDER_PATH)/HaneenBehery";
			};
			name = Debug;
		};
		C42A0E292B65388E00823FD8 /* Release */ = {
			isa = XCBuildConfiguration;
			buildSettings = {
				ALWAYS_EMBED_SWIFT_STANDARD_LIBRARIES = YES;
				BUNDLE_LOADER = "$(TEST_HOST)";
				CODE_SIGN_STYLE = Automatic;
				CURRENT_PROJECT_VERSION = 1;
				GENERATE_INFOPLIST_FILE = YES;
				IPHONEOS_DEPLOYMENT_TARGET = 17.0;
				MARKETING_VERSION = 1.0;
				PRODUCT_BUNDLE_IDENTIFIER = com.twq.Haneen.HaneenBeheryTests;
				PRODUCT_NAME = "$(TARGET_NAME)";
				SWIFT_EMIT_LOC_STRINGS = NO;
				SWIFT_VERSION = 5.0;
				TARGETED_DEVICE_FAMILY = "1,2";
				TEST_HOST = "$(BUILT_PRODUCTS_DIR)/HaneenBehery.app/$(BUNDLE_EXECUTABLE_FOLDER_PATH)/HaneenBehery";
			};
			name = Release;
		};
		C42A0E2B2B65388E00823FD8 /* Debug */ = {
			isa = XCBuildConfiguration;
			buildSettings = {
				ALWAYS_EMBED_SWIFT_STANDARD_LIBRARIES = YES;
				CODE_SIGN_STYLE = Automatic;
				CURRENT_PROJECT_VERSION = 1;
				GENERATE_INFOPLIST_FILE = YES;
				MARKETING_VERSION = 1.0;
				PRODUCT_BUNDLE_IDENTIFIER = com.twq.Haneen.HaneenBeheryUITests;
				PRODUCT_NAME = "$(TARGET_NAME)";
				SWIFT_EMIT_LOC_STRINGS = NO;
				SWIFT_VERSION = 5.0;
				TARGETED_DEVICE_FAMILY = "1,2";
				TEST_TARGET_NAME = HaneenBehery;
			};
			name = Debug;
		};
		C42A0E2C2B65388E00823FD8 /* Release */ = {
			isa = XCBuildConfiguration;
			buildSettings = {
				ALWAYS_EMBED_SWIFT_STANDARD_LIBRARIES = YES;
				CODE_SIGN_STYLE = Automatic;
				CURRENT_PROJECT_VERSION = 1;
				GENERATE_INFOPLIST_FILE = YES;
				MARKETING_VERSION = 1.0;
				PRODUCT_BUNDLE_IDENTIFIER = com.twq.Haneen.HaneenBeheryUITests;
				PRODUCT_NAME = "$(TARGET_NAME)";
				SWIFT_EMIT_LOC_STRINGS = NO;
				SWIFT_VERSION = 5.0;
				TARGETED_DEVICE_FAMILY = "1,2";
				TEST_TARGET_NAME = HaneenBehery;
			};
			name = Release;
		};
/* End XCBuildConfiguration section */

/* Begin XCConfigurationList section */
		C42A0DFB2B65388C00823FD8 /* Build configuration list for PBXProject "HaneenBehery" */ = {
			isa = XCConfigurationList;
			buildConfigurations = (
				C42A0E222B65388E00823FD8 /* Debug */,
				C42A0E232B65388E00823FD8 /* Release */,
			);
			defaultConfigurationIsVisible = 0;
			defaultConfigurationName = Release;
		};
		C42A0E242B65388E00823FD8 /* Build configuration list for PBXNativeTarget "HaneenBehery" */ = {
			isa = XCConfigurationList;
			buildConfigurations = (
				C42A0E252B65388E00823FD8 /* Debug */,
				C42A0E262B65388E00823FD8 /* Release */,
			);
			defaultConfigurationIsVisible = 0;
			defaultConfigurationName = Release;
		};
		C42A0E272B65388E00823FD8 /* Build configuration list for PBXNativeTarget "HaneenBeheryTests" */ = {
			isa = XCConfigurationList;
			buildConfigurations = (
				C42A0E282B65388E00823FD8 /* Debug */,
				C42A0E292B65388E00823FD8 /* Release */,
			);
			defaultConfigurationIsVisible = 0;
			defaultConfigurationName = Release;
		};
		C42A0E2A2B65388E00823FD8 /* Build configuration list for PBXNativeTarget "HaneenBeheryUITests" */ = {
			isa = XCConfigurationList;
			buildConfigurations = (
				C42A0E2B2B65388E00823FD8 /* Debug */,
				C42A0E2C2B65388E00823FD8 /* Release */,
			);
			defaultConfigurationIsVisible = 0;
			defaultConfigurationName = Release;
		};
/* End XCConfigurationList section */
	};
	rootObject = C42A0DF82B65388C00823FD8 /* Project object */;
}
